{
    "name": "test-renovate",
    "version": "1.0.0",
    "lockfileVersion": 3,
    "requires": true,
    "packages": {
        "": {
            "name": "test-renovate",
            "version": "1.0.0",
            "license": "ISC",
            "dependencies": {
                "globals": "16.2.0",
                "mimic-function": "5.0.0"
            },
            "devDependencies": {
                "prettier": "3.5.3"
            }
        },
        "node_modules/globals": {
            "version": "16.2.0",
            "resolved": "https://registry.npmjs.org/globals/-/globals-16.2.0.tgz",
            "integrity": "sha512-O+7l9tPdHCU320IigZZPj5zmRCFG9xHmx9cU8FqU2Rp+JN714seHV+2S9+JslCpY4gJwU2vOGox0wzgae/MCEg==",
            "license": "MIT",
            "engines": {
                "node": ">=18"
            },
            "funding": {
                "url": "https://github.com/sponsors/sindresorhus"
            }
        },
        "node_modules/mimic-function": {
            "version": "5.0.0",
            "resolved": "https://registry.npmjs.org/mimic-function/-/mimic-function-5.0.0.tgz",
            "integrity": "sha512-RBfQ+9X9DpXdEoK7Bu+KeEU6vFhumEIiXKWECPzRBmDserEq4uR2b/VCm0LwpMSosoq2k+Zuxj/GzOr0Fn6h/g==",
            "license": "MIT",
            "engines": {
                "node": ">=18"
            },
            "funding": {
                "url": "https://github.com/sponsors/sindresorhus"
            }
        },
        "node_modules/prettier": {
            "version": "3.5.3",
            "resolved": "https://registry.npmjs.org/prettier/-/prettier-3.5.3.tgz",
            "integrity": "sha512-QQtaxnoDJeAkDvDKWCLiwIXkTgRhwYDEQCghU9Z6q03iyek/rxRh/2lC3HB7P8sWT2xC/y5JDctPLBIGzHKbhw==",
            "dev": true,
            "license": "MIT",
            "bin": {
                "prettier": "bin/prettier.cjs"
            },
            "engines": {
                "node": ">=14"
            },
            "funding": {
                "url": "https://github.com/prettier/prettier?sponsor=1"
            }
        }
    }
}
